// !$*UTF8*$!
{
	archiveVersion = 1;
	classes = {
	};
	objectVersion = 56;
	objects = {

/* Begin PBXBuildFile section */
		DF0CCD2F2B0892D40058DE05 /* SmartLightControlApp.swift in Sources */ = {isa = PBXBuildFile; fileRef = DF0CCD2E2B0892D40058DE05 /* SmartLightControlApp.swift */; };
		DF0CCD312B0892D40058DE05 /* ContentView.swift in Sources */ = {isa = PBXBuildFile; fileRef = DF0CCD302B0892D40058DE05 /* ContentView.swift */; };
		DF0CCD332B0892D50058DE05 /* Assets.xcassets in Resources */ = {isa = PBXBuildFile; fileRef = DF0CCD322B0892D50058DE05 /* Assets.xcassets */; };
		DF0CCD362B0892D50058DE05 /* Preview Assets.xcassets in Resources */ = {isa = PBXBuildFile; fileRef = DF0CCD352B0892D50058DE05 /* Preview Assets.xcassets */; };
		DF0CCD402B089A700058DE05 /* MainView.swift in Sources */ = {isa = PBXBuildFile; fileRef = DF0CCD3F2B089A700058DE05 /* MainView.swift */; };
		DF0CCD422B089EA90058DE05 /* HomeView.swift in Sources */ = {isa = PBXBuildFile; fileRef = DF0CCD412B089EA90058DE05 /* HomeView.swift */; };
		DF0CCD442B089EC00058DE05 /* SettingsView.swift in Sources */ = {isa = PBXBuildFile; fileRef = DF0CCD432B089EC00058DE05 /* SettingsView.swift */; };
		DF0CCD462B08A7F90058DE05 /* RoomCardView.swift in Sources */ = {isa = PBXBuildFile; fileRef = DF0CCD452B08A7F90058DE05 /* RoomCardView.swift */; };
		DF0CCD482B08A8440058DE05 /* BaseRoom.swift in Sources */ = {isa = PBXBuildFile; fileRef = DF0CCD472B08A8440058DE05 /* BaseRoom.swift */; };
		DF0CCD4A2B08A8CE0058DE05 /* Theme.swift in Sources */ = {isa = PBXBuildFile; fileRef = DF0CCD492B08A8CE0058DE05 /* Theme.swift */; };
		DF0FCF8C2B494A6D00F2EC39 /* NACircularButton.swift in Sources */ = {isa = PBXBuildFile; fileRef = DF0FCF8B2B494A6D00F2EC39 /* NACircularButton.swift */; };
		DF21207B2B49A2CE00C5E569 /* AddAppearanceView.swift in Sources */ = {isa = PBXBuildFile; fileRef = DF21207A2B49A2CE00C5E569 /* AddAppearanceView.swift */; };
		DF5CBD172B0BA1B9007DBFDF /* RoomViewModel.swift in Sources */ = {isa = PBXBuildFile; fileRef = DF5CBD162B0BA1B9007DBFDF /* RoomViewModel.swift */; };
		DF78249E2B0B64EA00C6EA52 /* RoomDetailView.swift in Sources */ = {isa = PBXBuildFile; fileRef = DF78249D2B0B64EA00C6EA52 /* RoomDetailView.swift */; };
		DF7824A02B0B67B200C6EA52 /* AppearanceView.swift in Sources */ = {isa = PBXBuildFile; fileRef = DF78249F2B0B67B200C6EA52 /* AppearanceView.swift */; };
		DF7824A22B0B9BCB00C6EA52 /* BaseAppearance.swift in Sources */ = {isa = PBXBuildFile; fileRef = DF7824A12B0B9BCB00C6EA52 /* BaseAppearance.swift */; };
		DFF4CE412B28D7EB0057FC8F /* BaseLight.swift in Sources */ = {isa = PBXBuildFile; fileRef = DFF4CE402B28D7EB0057FC8F /* BaseLight.swift */; };
		DFF4CE432B28DF060057FC8F /* LightView.swift in Sources */ = {isa = PBXBuildFile; fileRef = DFF4CE422B28DF060057FC8F /* LightView.swift */; };
/* End PBXBuildFile section */

/* Begin PBXFileReference section */
		DF0CCD2B2B0892D40058DE05 /* SmartLightControl.app */ = {isa = PBXFileReference; explicitFileType = wrapper.application; includeInIndex = 0; path = SmartLightControl.app; sourceTree = BUILT_PRODUCTS_DIR; };
		DF0CCD2E2B0892D40058DE05 /* SmartLightControlApp.swift */ = {isa = PBXFileReference; lastKnownFileType = sourcecode.swift; path = SmartLightControlApp.swift; sourceTree = "<group>"; };
		DF0CCD302B0892D40058DE05 /* ContentView.swift */ = {isa = PBXFileReference; lastKnownFileType = sourcecode.swift; path = ContentView.swift; sourceTree = "<group>"; };
		DF0CCD322B0892D50058DE05 /* Assets.xcassets */ = {isa = PBXFileReference; lastKnownFileType = folder.assetcatalog; path = Assets.xcassets; sourceTree = "<group>"; };
		DF0CCD352B0892D50058DE05 /* Preview Assets.xcassets */ = {isa = PBXFileReference; lastKnownFileType = folder.assetcatalog; path = "Preview Assets.xcassets"; sourceTree = "<group>"; };
		DF0CCD3F2B089A700058DE05 /* MainView.swift */ = {isa = PBXFileReference; lastKnownFileType = sourcecode.swift; path = MainView.swift; sourceTree = "<group>"; };
		DF0CCD412B089EA90058DE05 /* HomeView.swift */ = {isa = PBXFileReference; lastKnownFileType = sourcecode.swift; path = HomeView.swift; sourceTree = "<group>"; };
		DF0CCD432B089EC00058DE05 /* SettingsView.swift */ = {isa = PBXFileReference; lastKnownFileType = sourcecode.swift; path = SettingsView.swift; sourceTree = "<group>"; };
		DF0CCD452B08A7F90058DE05 /* RoomCardView.swift */ = {isa = PBXFileReference; lastKnownFileType = sourcecode.swift; path = RoomCardView.swift; sourceTree = "<group>"; };
		DF0CCD472B08A8440058DE05 /* BaseRoom.swift */ = {isa = PBXFileReference; lastKnownFileType = sourcecode.swift; path = BaseRoom.swift; sourceTree = "<group>"; };
		DF0CCD492B08A8CE0058DE05 /* Theme.swift */ = {isa = PBXFileReference; lastKnownFileType = sourcecode.swift; path = Theme.swift; sourceTree = "<group>"; };
		DF0FCF8B2B494A6D00F2EC39 /* NACircularButton.swift */ = {isa = PBXFileReference; lastKnownFileType = sourcecode.swift; path = NACircularButton.swift; sourceTree = "<group>"; };
		DF21207A2B49A2CE00C5E569 /* AddAppearanceView.swift */ = {isa = PBXFileReference; lastKnownFileType = sourcecode.swift; path = AddAppearanceView.swift; sourceTree = "<group>"; };
		DF5CBD162B0BA1B9007DBFDF /* RoomViewModel.swift */ = {isa = PBXFileReference; lastKnownFileType = sourcecode.swift; path = RoomViewModel.swift; sourceTree = "<group>"; };
		DF78249D2B0B64EA00C6EA52 /* RoomDetailView.swift */ = {isa = PBXFileReference; lastKnownFileType = sourcecode.swift; path = RoomDetailView.swift; sourceTree = "<group>"; };
		DF78249F2B0B67B200C6EA52 /* AppearanceView.swift */ = {isa = PBXFileReference; lastKnownFileType = sourcecode.swift; path = AppearanceView.swift; sourceTree = "<group>"; };
		DF7824A12B0B9BCB00C6EA52 /* BaseAppearance.swift */ = {isa = PBXFileReference; lastKnownFileType = sourcecode.swift; path = BaseAppearance.swift; sourceTree = "<group>"; };
		DFF4CE402B28D7EB0057FC8F /* BaseLight.swift */ = {isa = PBXFileReference; lastKnownFileType = sourcecode.swift; path = BaseLight.swift; sourceTree = "<group>"; };
		DFF4CE422B28DF060057FC8F /* LightView.swift */ = {isa = PBXFileReference; lastKnownFileType = sourcecode.swift; path = LightView.swift; sourceTree = "<group>"; };
/* End PBXFileReference section */

/* Begin PBXFrameworksBuildPhase section */
		DF0CCD282B0892D40058DE05 /* Frameworks */ = {
			isa = PBXFrameworksBuildPhase;
			buildActionMask = 2147483647;
			files = (
			);
			runOnlyForDeploymentPostprocessing = 0;
		};
/* End PBXFrameworksBuildPhase section */

/* Begin PBXGroup section */
		DF0CCD222B0892D40058DE05 = {
			isa = PBXGroup;
			children = (
				DF0CCD2D2B0892D40058DE05 /* SmartLightControl */,
				DF0CCD2C2B0892D40058DE05 /* Products */,
			);
			sourceTree = "<group>";
		};
		DF0CCD2C2B0892D40058DE05 /* Products */ = {
			isa = PBXGroup;
			children = (
				DF0CCD2B2B0892D40058DE05 /* SmartLightControl.app */,
			);
			name = Products;
			sourceTree = "<group>";
		};
		DF0CCD2D2B0892D40058DE05 /* SmartLightControl */ = {
			isa = PBXGroup;
			children = (
				DF0FCF8A2B494A0F00F2EC39 /* Customs */,
				DF0CCD3E2B089A280058DE05 /* Models */,
				DF0CCD3D2B089A1F0058DE05 /* Views */,
				DF0CCD3C2B089A030058DE05 /* ViewModels */,
				DF0CCD2E2B0892D40058DE05 /* SmartLightControlApp.swift */,
				DF0CCD302B0892D40058DE05 /* ContentView.swift */,
				DF0CCD322B0892D50058DE05 /* Assets.xcassets */,
				DF0CCD342B0892D50058DE05 /* Preview Content */,
				DF0CCD492B08A8CE0058DE05 /* Theme.swift */,
			);
			path = SmartLightControl;
			sourceTree = "<group>";
		};
		DF0CCD342B0892D50058DE05 /* Preview Content */ = {
			isa = PBXGroup;
			children = (
				DF0CCD352B0892D50058DE05 /* Preview Assets.xcassets */,
			);
			path = "Preview Content";
			sourceTree = "<group>";
		};
		DF0CCD3C2B089A030058DE05 /* ViewModels */ = {
			isa = PBXGroup;
			children = (
				DF5CBD162B0BA1B9007DBFDF /* RoomViewModel.swift */,
			);
			path = ViewModels;
			sourceTree = "<group>";
		};
		DF0CCD3D2B089A1F0058DE05 /* Views */ = {
			isa = PBXGroup;
			children = (
				DF0CCD3F2B089A700058DE05 /* MainView.swift */,
				DF0CCD412B089EA90058DE05 /* HomeView.swift */,
				DF0CCD432B089EC00058DE05 /* SettingsView.swift */,
				DF0CCD452B08A7F90058DE05 /* RoomCardView.swift */,
				DF78249D2B0B64EA00C6EA52 /* RoomDetailView.swift */,
				DF78249F2B0B67B200C6EA52 /* AppearanceView.swift */,
				DFF4CE422B28DF060057FC8F /* LightView.swift */,
				DF21207A2B49A2CE00C5E569 /* AddAppearanceView.swift */,
			);
			path = Views;
			sourceTree = "<group>";
		};
		DF0CCD3E2B089A280058DE05 /* Models */ = {
			isa = PBXGroup;
			children = (
				DF0CCD472B08A8440058DE05 /* BaseRoom.swift */,
				DF7824A12B0B9BCB00C6EA52 /* BaseAppearance.swift */,
				DFF4CE402B28D7EB0057FC8F /* BaseLight.swift */,
			);
			path = Models;
			sourceTree = "<group>";
		};
		DF0FCF8A2B494A0F00F2EC39 /* Customs */ = {
			isa = PBXGroup;
			children = (
				DF0FCF8B2B494A6D00F2EC39 /* NACircularButton.swift */,
			);
			path = Customs;
			sourceTree = "<group>";
		};
/* End PBXGroup section */

/* Begin PBXNativeTarget section */
		DF0CCD2A2B0892D40058DE05 /* SmartLightControl */ = {
			isa = PBXNativeTarget;
			buildConfigurationList = DF0CCD392B0892D50058DE05 /* Build configuration list for PBXNativeTarget "SmartLightControl" */;
			buildPhases = (
				DF0CCD272B0892D40058DE05 /* Sources */,
				DF0CCD282B0892D40058DE05 /* Frameworks */,
				DF0CCD292B0892D40058DE05 /* Resources */,
			);
			buildRules = (
			);
			dependencies = (
			);
			name = SmartLightControl;
			productName = SmartLightControl;
			productReference = DF0CCD2B2B0892D40058DE05 /* SmartLightControl.app */;
			productType = "com.apple.product-type.application";
		};
/* End PBXNativeTarget section */

/* Begin PBXProject section */
		DF0CCD232B0892D40058DE05 /* Project object */ = {
			isa = PBXProject;
			attributes = {
				BuildIndependentTargetsInParallel = 1;
				LastSwiftUpdateCheck = 1500;
				LastUpgradeCheck = 1500;
				TargetAttributes = {
					DF0CCD2A2B0892D40058DE05 = {
						CreatedOnToolsVersion = 15.0.1;
					};
				};
			};
			buildConfigurationList = DF0CCD262B0892D40058DE05 /* Build configuration list for PBXProject "SmartLightControl" */;
			compatibilityVersion = "Xcode 14.0";
			developmentRegion = en;
			hasScannedForEncodings = 0;
			knownRegions = (
				en,
				Base,
			);
			mainGroup = DF0CCD222B0892D40058DE05;
			productRefGroup = DF0CCD2C2B0892D40058DE05 /* Products */;
			projectDirPath = "";
			projectRoot = "";
			targets = (
				DF0CCD2A2B0892D40058DE05 /* SmartLightControl */,
			);
		};
/* End PBXProject section */

/* Begin PBXResourcesBuildPhase section */
		DF0CCD292B0892D40058DE05 /* Resources */ = {
			isa = PBXResourcesBuildPhase;
			buildActionMask = 2147483647;
			files = (
				DF0CCD362B0892D50058DE05 /* Preview Assets.xcassets in Resources */,
				DF0CCD332B0892D50058DE05 /* Assets.xcassets in Resources */,
			);
			runOnlyForDeploymentPostprocessing = 0;
		};
/* End PBXResourcesBuildPhase section */

/* Begin PBXSourcesBuildPhase section */
		DF0CCD272B0892D40058DE05 /* Sources */ = {
			isa = PBXSourcesBuildPhase;
			buildActionMask = 2147483647;
			files = (
				DF0CCD442B089EC00058DE05 /* SettingsView.swift in Sources */,
				DF0CCD4A2B08A8CE0058DE05 /* Theme.swift in Sources */,
				DF0CCD312B0892D40058DE05 /* ContentView.swift in Sources */,
				DF0FCF8C2B494A6D00F2EC39 /* NACircularButton.swift in Sources */,
				DF7824A22B0B9BCB00C6EA52 /* BaseAppearance.swift in Sources */,
				DF78249E2B0B64EA00C6EA52 /* RoomDetailView.swift in Sources */,
				DF21207B2B49A2CE00C5E569 /* AddAppearanceView.swift in Sources */,
				DFF4CE432B28DF060057FC8F /* LightView.swift in Sources */,
				DFF4CE412B28D7EB0057FC8F /* BaseLight.swift in Sources */,
				DF7824A02B0B67B200C6EA52 /* AppearanceView.swift in Sources */,
				DF0CCD422B089EA90058DE05 /* HomeView.swift in Sources */,
				DF5CBD172B0BA1B9007DBFDF /* RoomViewModel.swift in Sources */,
				DF0CCD402B089A700058DE05 /* MainView.swift in Sources */,
				DF0CCD482B08A8440058DE05 /* BaseRoom.swift in Sources */,
				DF0CCD2F2B0892D40058DE05 /* SmartLightControlApp.swift in Sources */,
				DF0CCD462B08A7F90058DE05 /* RoomCardView.swift in Sources */,
			);
			runOnlyForDeploymentPostprocessing = 0;
		};
/* End PBXSourcesBuildPhase section */

/* Begin XCBuildConfiguration section */
		DF0CCD372B0892D50058DE05 /* Debug */ = {
			isa = XCBuildConfiguration;
			buildSettings = {
				ALWAYS_SEARCH_USER_PATHS = NO;
				ASSETCATALOG_COMPILER_GENERATE_SWIFT_ASSET_SYMBOL_EXTENSIONS = YES;
				CLANG_ANALYZER_NONNULL = YES;
				CLANG_ANALYZER_NUMBER_OBJECT_CONVERSION = YES_AGGRESSIVE;
				CLANG_CXX_LANGUAGE_STANDARD = "gnu++20";
				CLANG_ENABLE_MODULES = YES;
				CLANG_ENABLE_OBJC_ARC = YES;
				CLANG_ENABLE_OBJC_WEAK = YES;
				CLANG_WARN_BLOCK_CAPTURE_AUTORELEASING = YES;
				CLANG_WARN_BOOL_CONVERSION = YES;
				CLANG_WARN_COMMA = YES;
				CLANG_WARN_CONSTANT_CONVERSION = YES;
				CLANG_WARN_DEPRECATED_OBJC_IMPLEMENTATIONS = YES;
				CLANG_WARN_DIRECT_OBJC_ISA_USAGE = YES_ERROR;
				CLANG_WARN_DOCUMENTATION_COMMENTS = YES;
				CLANG_WARN_EMPTY_BODY = YES;
				CLANG_WARN_ENUM_CONVERSION = YES;
				CLANG_WARN_INFINITE_RECURSION = YES;
				CLANG_WARN_INT_CONVERSION = YES;
				CLANG_WARN_NON_LITERAL_NULL_CONVERSION = YES;
				CLANG_WARN_OBJC_IMPLICIT_RETAIN_SELF = YES;
				CLANG_WARN_OBJC_LITERAL_CONVERSION = YES;
				CLANG_WARN_OBJC_ROOT_CLASS = YES_ERROR;
				CLANG_WARN_QUOTED_INCLUDE_IN_FRAMEWORK_HEADER = YES;
				CLANG_WARN_RANGE_LOOP_ANALYSIS = YES;
				CLANG_WARN_STRICT_PROTOTYPES = YES;
				CLANG_WARN_SUSPICIOUS_MOVE = YES;
				CLANG_WARN_UNGUARDED_AVAILABILITY = YES_AGGRESSIVE;
				CLANG_WARN_UNREACHABLE_CODE = YES;
				CLANG_WARN__DUPLICATE_METHOD_MATCH = YES;
				COPY_PHASE_STRIP = NO;
				DEBUG_INFORMATION_FORMAT = dwarf;
				ENABLE_STRICT_OBJC_MSGSEND = YES;
				ENABLE_TESTABILITY = YES;
				ENABLE_USER_SCRIPT_SANDBOXING = YES;
				GCC_C_LANGUAGE_STANDARD = gnu17;
				GCC_DYNAMIC_NO_PIC = NO;
				GCC_NO_COMMON_BLOCKS = YES;
				GCC_OPTIMIZATION_LEVEL = 0;
				GCC_PREPROCESSOR_DEFINITIONS = (
					"DEBUG=1",
					"$(inherited)",
				);
				GCC_WARN_64_TO_32_BIT_CONVERSION = YES;
				GCC_WARN_ABOUT_RETURN_TYPE = YES_ERROR;
				GCC_WARN_UNDECLARED_SELECTOR = YES;
				GCC_WARN_UNINITIALIZED_AUTOS = YES_AGGRESSIVE;
				GCC_WARN_UNUSED_FUNCTION = YES;
				GCC_WARN_UNUSED_VARIABLE = YES;
				IPHONEOS_DEPLOYMENT_TARGET = 17.0;
				LOCALIZATION_PREFERS_STRING_CATALOGS = YES;
				MTL_ENABLE_DEBUG_INFO = INCLUDE_SOURCE;
				MTL_FAST_MATH = YES;
				ONLY_ACTIVE_ARCH = YES;
				SDKROOT = iphoneos;
				SWIFT_ACTIVE_COMPILATION_CONDITIONS = "DEBUG $(inherited)";
				SWIFT_OPTIMIZATION_LEVEL = "-Onone";
			};
			name = Debug;
		};
		DF0CCD382B0892D50058DE05 /* Release */ = {
			isa = XCBuildConfiguration;
			buildSettings = {
				ALWAYS_SEARCH_USER_PATHS = NO;
				ASSETCATALOG_COMPILER_GENERATE_SWIFT_ASSET_SYMBOL_EXTENSIONS = YES;
				CLANG_ANALYZER_NONNULL = YES;
				CLANG_ANALYZER_NUMBER_OBJECT_CONVERSION = YES_AGGRESSIVE;
				CLANG_CXX_LANGUAGE_STANDARD = "gnu++20";
				CLANG_ENABLE_MODULES = YES;
				CLANG_ENABLE_OBJC_ARC = YES;
				CLANG_ENABLE_OBJC_WEAK = YES;
				CLANG_WARN_BLOCK_CAPTURE_AUTORELEASING = YES;
				CLANG_WARN_BOOL_CONVERSION = YES;
				CLANG_WARN_COMMA = YES;
				CLANG_WARN_CONSTANT_CONVERSION = YES;
				CLANG_WARN_DEPRECATED_OBJC_IMPLEMENTATIONS = YES;
				CLANG_WARN_DIRECT_OBJC_ISA_USAGE = YES_ERROR;
				CLANG_WARN_DOCUMENTATION_COMMENTS = YES;
				CLANG_WARN_EMPTY_BODY = YES;
				CLANG_WARN_ENUM_CONVERSION = YES;
				CLANG_WARN_INFINITE_RECURSION = YES;
				CLANG_WARN_INT_CONVERSION = YES;
				CLANG_WARN_NON_LITERAL_NULL_CONVERSION = YES;
				CLANG_WARN_OBJC_IMPLICIT_RETAIN_SELF = YES;
				CLANG_WARN_OBJC_LITERAL_CONVERSION = YES;
				CLANG_WARN_OBJC_ROOT_CLASS = YES_ERROR;
				CLANG_WARN_QUOTED_INCLUDE_IN_FRAMEWORK_HEADER = YES;
				CLANG_WARN_RANGE_LOOP_ANALYSIS = YES;
				CLANG_WARN_STRICT_PROTOTYPES = YES;
				CLANG_WARN_SUSPICIOUS_MOVE = YES;
				CLANG_WARN_UNGUARDED_AVAILABILITY = YES_AGGRESSIVE;
				CLANG_WARN_UNREACHABLE_CODE = YES;
				CLANG_WARN__DUPLICATE_METHOD_MATCH = YES;
				COPY_PHASE_STRIP = NO;
				DEBUG_INFORMATION_FORMAT = "dwarf-with-dsym";
				ENABLE_NS_ASSERTIONS = NO;
				ENABLE_STRICT_OBJC_MSGSEND = YES;
				ENABLE_USER_SCRIPT_SANDBOXING = YES;
				GCC_C_LANGUAGE_STANDARD = gnu17;
				GCC_NO_COMMON_BLOCKS = YES;
				GCC_WARN_64_TO_32_BIT_CONVERSION = YES;
				GCC_WARN_ABOUT_RETURN_TYPE = YES_ERROR;
				GCC_WARN_UNDECLARED_SELECTOR = YES;
				GCC_WARN_UNINITIALIZED_AUTOS = YES_AGGRESSIVE;
				GCC_WARN_UNUSED_FUNCTION = YES;
				GCC_WARN_UNUSED_VARIABLE = YES;
				IPHONEOS_DEPLOYMENT_TARGET = 17.0;
				LOCALIZATION_PREFERS_STRING_CATALOGS = YES;
				MTL_ENABLE_DEBUG_INFO = NO;
				MTL_FAST_MATH = YES;
				SDKROOT = iphoneos;
				SWIFT_COMPILATION_MODE = wholemodule;
				VALIDATE_PRODUCT = YES;
			};
			name = Release;
		};
		DF0CCD3A2B0892D50058DE05 /* Debug */ = {
			isa = XCBuildConfiguration;
			buildSettings = {
				ASSETCATALOG_COMPILER_APPICON_NAME = AppIcon;
				ASSETCATALOG_COMPILER_GLOBAL_ACCENT_COLOR_NAME = AccentColor;
				CODE_SIGN_STYLE = Automatic;
				CURRENT_PROJECT_VERSION = 1;
				DEVELOPMENT_ASSET_PATHS = "\"SmartLightControl/Preview Content\"";
				DEVELOPMENT_TEAM = 6X9U4GY37Z;
				ENABLE_PREVIEWS = YES;
				GENERATE_INFOPLIST_FILE = YES;
				INFOPLIST_KEY_UIApplicationSceneManifest_Generation = YES;
				INFOPLIST_KEY_UIApplicationSupportsIndirectInputEvents = YES;
				INFOPLIST_KEY_UILaunchScreen_Generation = YES;
				INFOPLIST_KEY_UISupportedInterfaceOrientations_iPad = "UIInterfaceOrientationPortrait UIInterfaceOrientationPortraitUpsideDown UIInterfaceOrientationLandscapeLeft UIInterfaceOrientationLandscapeRight";
				INFOPLIST_KEY_UISupportedInterfaceOrientations_iPhone = "UIInterfaceOrientationPortrait UIInterfaceOrientationLandscapeLeft UIInterfaceOrientationLandscapeRight";
				LD_RUNPATH_SEARCH_PATHS = (
					"$(inherited)",
					"@executable_path/Frameworks",
				);
				MARKETING_VERSION = 1.0;
				PRODUCT_BUNDLE_IDENTIFIER = com.NecatiAkpinar.SmartLightControl;
				PRODUCT_NAME = "$(TARGET_NAME)";
				SWIFT_EMIT_LOC_STRINGS = YES;
				SWIFT_VERSION = 5.0;
				TARGETED_DEVICE_FAMILY = "1,2";
			};
			name = Debug;
		};
		DF0CCD3B2B0892D50058DE05 /* Release */ = {
			isa = XCBuildConfiguration;
			buildSettings = {
				ASSETCATALOG_COMPILER_APPICON_NAME = AppIcon;
				ASSETCATALOG_COMPILER_GLOBAL_ACCENT_COLOR_NAME = AccentColor;
				CODE_SIGN_STYLE = Automatic;
				CURRENT_PROJECT_VERSION = 1;
				DEVELOPMENT_ASSET_PATHS = "\"SmartLightControl/Preview Content\"";
				DEVELOPMENT_TEAM = 6X9U4GY37Z;
				ENABLE_PREVIEWS = YES;
				GENERATE_INFOPLIST_FILE = YES;
				INFOPLIST_KEY_UIApplicationSceneManifest_Generation = YES;
				INFOPLIST_KEY_UIApplicationSupportsIndirectInputEvents = YES;
				INFOPLIST_KEY_UILaunchScreen_Generation = YES;
				INFOPLIST_KEY_UISupportedInterfaceOrientations_iPad = "UIInterfaceOrientationPortrait UIInterfaceOrientationPortraitUpsideDown UIInterfaceOrientationLandscapeLeft UIInterfaceOrientationLandscapeRight";
				INFOPLIST_KEY_UISupportedInterfaceOrientations_iPhone = "UIInterfaceOrientationPortrait UIInterfaceOrientationLandscapeLeft UIInterfaceOrientationLandscapeRight";
				LD_RUNPATH_SEARCH_PATHS = (
					"$(inherited)",
					"@executable_path/Frameworks",
				);
				MARKETING_VERSION = 1.0;
				PRODUCT_BUNDLE_IDENTIFIER = com.NecatiAkpinar.SmartLightControl;
				PRODUCT_NAME = "$(TARGET_NAME)";
				SWIFT_EMIT_LOC_STRINGS = YES;
				SWIFT_VERSION = 5.0;
				TARGETED_DEVICE_FAMILY = "1,2";
			};
			name = Release;
		};
/* End XCBuildConfiguration section */

/* Begin XCConfigurationList section */
		DF0CCD262B0892D40058DE05 /* Build configuration list for PBXProject "SmartLightControl" */ = {
			isa = XCConfigurationList;
			buildConfigurations = (
				DF0CCD372B0892D50058DE05 /* Debug */,
				DF0CCD382B0892D50058DE05 /* Release */,
			);
			defaultConfigurationIsVisible = 0;
			defaultConfigurationName = Release;
		};
		DF0CCD392B0892D50058DE05 /* Build configuration list for PBXNativeTarget "SmartLightControl" */ = {
			isa = XCConfigurationList;
			buildConfigurations = (
				DF0CCD3A2B0892D50058DE05 /* Debug */,
				DF0CCD3B2B0892D50058DE05 /* Release */,
			);
			defaultConfigurationIsVisible = 0;
			defaultConfigurationName = Release;
		};
/* End XCConfigurationList section */
	};
	rootObject = DF0CCD232B0892D40058DE05 /* Project object */;
}
